
Microsoft Visual Studio Solution File, Format Version 12.00
# Visual Studio 2012
Project("{FAE04EC0-301F-11D3-BF4B-00C04F79EFBC}") = "Lesson6", "Lesson6\Lesson6.csproj", "{32418DD6-DBEC-4044-BECF-0A80528D31AE}"
EndProject
Global
	GlobalSection(SolutionConfigurationPlatforms) = preSolution
		Debug|Any CPU = Debug|Any CPU
		Release|Any CPU = Release|Any CPU
	EndGlobalSection
	GlobalSection(ProjectConfigurationPlatforms) = postSolution
		{32418DD6-DBEC-4044-BECF-0A80528D31AE}.Debug|Any CPU.ActiveCfg = Debug|Any CPU
		{32418DD6-DBEC-4044-BECF-0A80528D31AE}.Debug|Any CPU.Build.0 = Debug|Any CPU
		{32418DD6-DBEC-4044-BECF-0A80528D31AE}.Release|Any CPU.ActiveCfg = Release|Any CPU
		{32418DD6-DBEC-4044-BECF-0A80528D31AE}.Release|Any CPU.Build.0 = Release|Any CPU
	EndGlobalSection
	GlobalSection(SolutionProperties) = preSolution
		HideSolutionNode = FALSE
	EndGlobalSection
EndGlobal
